{
  "name": "node-app",
  "lockfileVersion": 3,
  "requires": true,
  "packages": {
    "": {
      "dependencies": {
        "lion-lib-bigg": "^1.0.0"
      }
    },
    "node_modules/lion-lib-bigg": {
      "version": "1.0.0",
      "resolved": "https://registry.npmjs.org/lion-lib-bigg/-/lion-lib-bigg-1.0.0.tgz",
      "integrity": "sha512-YT+JM+7t7ri7ZU4VWThkAGxsLI0E/2Miq29oAWDMNtNdQ+0WCv+MNZcbsyCGY4aNwLfUm/Jjn00tkUm2mI0ZIQ=="
    }
  }
}
